
Microsoft Visual Studio Solution File, Format Version 12.00
# Visual Studio 14
VisualStudioVersion = 14.0.25420.1
MinimumVisualStudioVersion = 10.0.40219.1
Project("{FAE04EC0-301F-11D3-BF4B-00C04F79EFBC}") = "TanksOnline.ProjectPZ.HttpListener", "TanksOnline.ProjectPZ.HttpListener\TanksOnline.ProjectPZ.HttpListener.csproj", "{0B7334BC-5882-4655-8BF6-AE1408998909}"
EndProject
Project("{FAE04EC0-301F-11D3-BF4B-00C04F79EFBC}") = "TanksOnline.ProjektPZ.Game", "TanksOnline.ProjektPZ.Game\TanksOnline.ProjektPZ.Game.csproj", "{C650FB8F-35F6-43FD-85C0-C7F077931E8F}"
EndProject
Global
	GlobalSection(SolutionConfigurationPlatforms) = preSolution
		Debug|Any CPU = Debug|Any CPU
		Release|Any CPU = Release|Any CPU
	EndGlobalSection
	GlobalSection(ProjectConfigurationPlatforms) = postSolution
		{0B7334BC-5882-4655-8BF6-AE1408998909}.Debug|Any CPU.ActiveCfg = Debug|Any CPU
		{0B7334BC-5882-4655-8BF6-AE1408998909}.Debug|Any CPU.Build.0 = Debug|Any CPU
		{0B7334BC-5882-4655-8BF6-AE1408998909}.Release|Any CPU.ActiveCfg = Release|Any CPU
		{0B7334BC-5882-4655-8BF6-AE1408998909}.Release|Any CPU.Build.0 = Release|Any CPU
		{C650FB8F-35F6-43FD-85C0-C7F077931E8F}.Debug|Any CPU.ActiveCfg = Debug|Any CPU
		{C650FB8F-35F6-43FD-85C0-C7F077931E8F}.Debug|Any CPU.Build.0 = Debug|Any CPU
		{C650FB8F-35F6-43FD-85C0-C7F077931E8F}.Release|Any CPU.ActiveCfg = Release|Any CPU
		{C650FB8F-35F6-43FD-85C0-C7F077931E8F}.Release|Any CPU.Build.0 = Release|Any CPU
	EndGlobalSection
	GlobalSection(SolutionProperties) = preSolution
		HideSolutionNode = FALSE
	EndGlobalSection
EndGlobal
